
Microsoft Visual Studio Solution File, Format Version 12.00
# Visual Studio Version 16
VisualStudioVersion = 16.0.31729.503
MinimumVisualStudioVersion = 10.0.40219.1
Project("{FAE04EC0-301F-11D3-BF4B-00C04F79EFBC}") = "Web.UI", "Web.UI\Web.UI.csproj", "{D3973222-DBE3-4D46-BA6B-25A6B7B442CA}"
EndProject
Project("{FAE04EC0-301F-11D3-BF4B-00C04F79EFBC}") = "Entities", "Entities\Entities.csproj", "{E13F4FB2-9709-4F01-A4C3-7A2DEFC288A9}"
EndProject
Project("{FAE04EC0-301F-11D3-BF4B-00C04F79EFBC}") = "Core", "Core\Core.csproj", "{509E5E0F-AA4D-47FE-8254-DF51EF75E5C1}"
EndProject
Project("{FAE04EC0-301F-11D3-BF4B-00C04F79EFBC}") = "Business", "Business\Business.csproj", "{F42DEDA7-E4F1-41DB-B21D-9713B0EB5E59}"
EndProject
Project("{FAE04EC0-301F-11D3-BF4B-00C04F79EFBC}") = "DataAccess", "DataAccess\DataAccess.csproj", "{E3C77C28-53EF-48BB-9439-1B65BF73F574}"
EndProject
Global
	GlobalSection(SolutionConfigurationPlatforms) = preSolution
		Debug|Any CPU = Debug|Any CPU
		Release|Any CPU = Release|Any CPU
	EndGlobalSection
	GlobalSection(ProjectConfigurationPlatforms) = postSolution
		{D3973222-DBE3-4D46-BA6B-25A6B7B442CA}.Debug|Any CPU.ActiveCfg = Debug|Any CPU
		{D3973222-DBE3-4D46-BA6B-25A6B7B442CA}.Debug|Any CPU.Build.0 = Debug|Any CPU
		{D3973222-DBE3-4D46-BA6B-25A6B7B442CA}.Release|Any CPU.ActiveCfg = Release|Any CPU
		{D3973222-DBE3-4D46-BA6B-25A6B7B442CA}.Release|Any CPU.Build.0 = Release|Any CPU
		{E13F4FB2-9709-4F01-A4C3-7A2DEFC288A9}.Debug|Any CPU.ActiveCfg = Debug|Any CPU
		{E13F4FB2-9709-4F01-A4C3-7A2DEFC288A9}.Debug|Any CPU.Build.0 = Debug|Any CPU
		{E13F4FB2-9709-4F01-A4C3-7A2DEFC288A9}.Release|Any CPU.ActiveCfg = Release|Any CPU
		{E13F4FB2-9709-4F01-A4C3-7A2DEFC288A9}.Release|Any CPU.Build.0 = Release|Any CPU
		{509E5E0F-AA4D-47FE-8254-DF51EF75E5C1}.Debug|Any CPU.ActiveCfg = Debug|Any CPU
		{509E5E0F-AA4D-47FE-8254-DF51EF75E5C1}.Debug|Any CPU.Build.0 = Debug|Any CPU
		{509E5E0F-AA4D-47FE-8254-DF51EF75E5C1}.Release|Any CPU.ActiveCfg = Release|Any CPU
		{509E5E0F-AA4D-47FE-8254-DF51EF75E5C1}.Release|Any CPU.Build.0 = Release|Any CPU
		{F42DEDA7-E4F1-41DB-B21D-9713B0EB5E59}.Debug|Any CPU.ActiveCfg = Debug|Any CPU
		{F42DEDA7-E4F1-41DB-B21D-9713B0EB5E59}.Debug|Any CPU.Build.0 = Debug|Any CPU
		{F42DEDA7-E4F1-41DB-B21D-9713B0EB5E59}.Release|Any CPU.ActiveCfg = Release|Any CPU
		{F42DEDA7-E4F1-41DB-B21D-9713B0EB5E59}.Release|Any CPU.Build.0 = Release|Any CPU
		{E3C77C28-53EF-48BB-9439-1B65BF73F574}.Debug|Any CPU.ActiveCfg = Debug|Any CPU
		{E3C77C28-53EF-48BB-9439-1B65BF73F574}.Debug|Any CPU.Build.0 = Debug|Any CPU
		{E3C77C28-53EF-48BB-9439-1B65BF73F574}.Release|Any CPU.ActiveCfg = Release|Any CPU
		{E3C77C28-53EF-48BB-9439-1B65BF73F574}.Release|Any CPU.Build.0 = Release|Any CPU
	EndGlobalSection
	GlobalSection(SolutionProperties) = preSolution
		HideSolutionNode = FALSE
	EndGlobalSection
	GlobalSection(ExtensibilityGlobals) = postSolution
		SolutionGuid = {445EF118-8CFB-4660-BDB5-9BCCA385701D}
	EndGlobalSection
EndGlobal
